{
    "_readme": [
        "This file locks the dependencies of your project to a known state",
        "Read more about it at https://getcomposer.org/doc/01-basic-usage.md#installing-dependencies",
        "This file is @generated automatically"
    ],
    "content-hash": "fc694d5e56aeb63f10c365d8880953b3",
    "packages": [
        {
            "name": "verot/class.upload.php",
            "version": "dev-master",
            "source": {
                "type": "git",
                "url": "https://github.com/verot/class.upload.php.git",
                "reference": "6cc2cbf5a132748f5386403807c3efcf3ba22a5c"
            },
            "dist": {
                "type": "zip",
                "url": "https://api.github.com/repos/verot/class.upload.php/zipball/6cc2cbf5a132748f5386403807c3efcf3ba22a5c",
                "reference": "6cc2cbf5a132748f5386403807c3efcf3ba22a5c",
                "shasum": ""
            },
            "require": {
                "php": ">=5.3"
            },
            "type": "library",
            "autoload": {
                "classmap": [
                    "src/class.upload.php"
                ]
            },
            "notification-url": "https://packagist.org/downloads/",
            "license": [
                "GPL-2.0-only"
            ],
            "authors": [
                {
                    "name": "Colin Verot",
                    "email": "colin@verot.net"
                }
            ],
            "description": "This PHP class uploads files and manipulates images very easily.",
            "homepage": "http://www.verot.net/php_class_upload.htm",
            "keywords": [
                "gd",
                "upload"
            ],
            "time": "2020-12-13T22:25:01+00:00"
        },
        {
            "name": "yabacon/paystack-php",
            "version": "v2.1.23",
            "source": {
                "type": "git",
                "url": "https://github.com/yabacon/paystack-php.git",
                "reference": "07dfb0eb02ef0dcbd32cf15cb54e65db9570ec86"
            },
            "dist": {
                "type": "zip",
                "url": "https://api.github.com/repos/yabacon/paystack-php/zipball/07dfb0eb02ef0dcbd32cf15cb54e65db9570ec86",
                "reference": "07dfb0eb02ef0dcbd32cf15cb54e65db9570ec86",
                "shasum": ""
            },
            "require-dev": {
                "guzzlehttp/guzzle": "^6.2",
                "phpunit/phpunit": "~5.3",
                "scrutinizer/ocular": "^1.1",
                "squizlabs/php_codesniffer": "^2.3",
                "vlucas/phpdotenv": "^2.2"
            },
            "type": "library",
            "extra": {
                "branch-alias": {
                    "dev-master": "2.0-dev"
                }
            },
            "autoload": {
                "psr-4": {
                    "Yabacon\\": "src/"
                }
            },
            "notification-url": "https://packagist.org/downloads/",
            "license": [
                "MIT"
            ],
            "authors": [
                {
                    "name": "Yabacon",
                    "email": "yabacon.valley@gmail.com",
                    "homepage": "https://github.com/yabacon",
                    "role": "Owner"
                },
                {
                    "name": "Ibrahim Lawal",
                    "email": "ibrahim@lawal.me",
                    "homepage": "http://ibrahim.lawal.me",
                    "role": "Developer"
                }
            ],
            "description": "Helps make your Paystack API calls giving a stdClass object.",
            "homepage": "https://github.com/yabacon/paystack-php",
            "keywords": [
                "api",
                "curl",
                "customer",
                "disable",
                "enable",
                "page",
                "paystack",
                "paystack-php",
                "plan",
                "subscription",
                "transaction",
                "verify",
                "yabacon"
            ],
            "time": "2018-05-15T19:24:17+00:00"
        }
    ],
    "packages-dev": [],
    "aliases": [],
    "minimum-stability": "dev",
    "stability-flags": {
        "verot/class.upload.php": 20
    },
    "prefer-stable": true,
    "prefer-lowest": false,
    "platform": {
        "php": ">=5.6.36"
    },
    "platform-dev": [],
    "plugin-api-version": "1.1.0"
}
