{
    "_readme": [
        "This file locks the dependencies of your project to a known state",
        "Read more about it at https://getcomposer.org/doc/01-basic-usage.md#installing-dependencies",
        "This file is @generated automatically"
    ],
    "content-hash": "2d56c689b602793504c1b4c8b816fa47",
    "packages": [
        {
            "name": "cocur/slugify",
            "version": "v4.0.0",
            "source": {
                "type": "git",
                "url": "https://github.com/cocur/slugify.git",
                "reference": "3f1ffc300f164f23abe8b64ffb3f92d35cec8307"
            },
            "dist": {
                "type": "zip",
                "url": "https://api.github.com/repos/cocur/slugify/zipball/3f1ffc300f164f23abe8b64ffb3f92d35cec8307",
                "reference": "3f1ffc300f164f23abe8b64ffb3f92d35cec8307",
                "shasum": ""
            },
            "require": {
                "ext-mbstring": "*",
                "php": ">=7.0"
            },
            "conflict": {
                "symfony/config": "<3.4 || >=4,<4.3",
                "symfony/dependency-injection": "<3.4 || >=4,<4.3",
                "symfony/http-kernel": "<3.4 || >=4,<4.3",
                "twig/twig": "<2.12.1"
            },
            "require-dev": {
                "laravel/framework": "~5.1",
                "latte/latte": "~2.2",
                "league/container": "^2.2.0",
                "mikey179/vfsstream": "~1.6.8",
                "mockery/mockery": "^1.3",
                "nette/di": "~2.4",
                "phpunit/phpunit": "^5.7.27",
                "pimple/pimple": "~1.1",
                "plumphp/plum": "~0.1",
                "symfony/config": "^3.4 || ^4.3 || ^5.0",
                "symfony/dependency-injection": "^3.4 || ^4.3 || ^5.0",
                "symfony/http-kernel": "^3.4 || ^4.3 || ^5.0",
                "twig/twig": "^2.12.1 || ~3.0",
                "zendframework/zend-modulemanager": "~2.2",
                "zendframework/zend-servicemanager": "~2.2",
                "zendframework/zend-view": "~2.2"
            },
            "type": "library",
            "autoload": {
                "psr-4": {
                    "Cocur\\Slugify\\": "src"
                }
            },
            "notification-url": "https://packagist.org/downloads/",
            "license": [
                "MIT"
            ],
            "authors": [
                {
                    "name": "Florian Eckerstorfer",
                    "email": "florian@eckerstorfer.co",
                    "homepage": "https://florian.ec"
                },
                {
                    "name": "Ivo Bathke",
                    "email": "ivo.bathke@gmail.com"
                }
            ],
            "description": "Converts a string into a slug.",
            "keywords": [
                "slug",
                "slugify"
            ],
            "time": "2019-12-14T13:04:14+00:00"
        },
        {
            "name": "verot/class.upload.php",
            "version": "dev-master",
            "source": {
                "type": "git",
                "url": "https://github.com/verot/class.upload.php.git",
                "reference": "6cc2cbf5a132748f5386403807c3efcf3ba22a5c"
            },
            "dist": {
                "type": "zip",
                "url": "https://api.github.com/repos/verot/class.upload.php/zipball/6cc2cbf5a132748f5386403807c3efcf3ba22a5c",
                "reference": "6cc2cbf5a132748f5386403807c3efcf3ba22a5c",
                "shasum": ""
            },
            "require": {
                "php": ">=5.3"
            },
            "type": "library",
            "autoload": {
                "classmap": [
                    "src/class.upload.php"
                ]
            },
            "notification-url": "https://packagist.org/downloads/",
            "license": [
                "GPL-2.0-only"
            ],
            "authors": [
                {
                    "name": "Colin Verot",
                    "email": "colin@verot.net"
                }
            ],
            "description": "This PHP class uploads files and manipulates images very easily.",
            "homepage": "http://www.verot.net/php_class_upload.htm",
            "keywords": [
                "gd",
                "upload"
            ],
            "time": "2020-12-13T22:25:01+00:00"
        },
        {
            "name": "yabacon/paystack-php",
            "version": "v2.1.23",
            "source": {
                "type": "git",
                "url": "https://github.com/yabacon/paystack-php.git",
                "reference": "07dfb0eb02ef0dcbd32cf15cb54e65db9570ec86"
            },
            "dist": {
                "type": "zip",
                "url": "https://api.github.com/repos/yabacon/paystack-php/zipball/07dfb0eb02ef0dcbd32cf15cb54e65db9570ec86",
                "reference": "07dfb0eb02ef0dcbd32cf15cb54e65db9570ec86",
                "shasum": ""
            },
            "require-dev": {
                "guzzlehttp/guzzle": "^6.2",
                "phpunit/phpunit": "~5.3",
                "scrutinizer/ocular": "^1.1",
                "squizlabs/php_codesniffer": "^2.3",
                "vlucas/phpdotenv": "^2.2"
            },
            "type": "library",
            "extra": {
                "branch-alias": {
                    "dev-master": "2.0-dev"
                }
            },
            "autoload": {
                "psr-4": {
                    "Yabacon\\": "src/"
                }
            },
            "notification-url": "https://packagist.org/downloads/",
            "license": [
                "MIT"
            ],
            "authors": [
                {
                    "name": "Yabacon",
                    "email": "yabacon.valley@gmail.com",
                    "homepage": "https://github.com/yabacon",
                    "role": "Owner"
                },
                {
                    "name": "Ibrahim Lawal",
                    "email": "ibrahim@lawal.me",
                    "homepage": "http://ibrahim.lawal.me",
                    "role": "Developer"
                }
            ],
            "description": "Helps make your Paystack API calls giving a stdClass object.",
            "homepage": "https://github.com/yabacon/paystack-php",
            "keywords": [
                "api",
                "curl",
                "customer",
                "disable",
                "enable",
                "page",
                "paystack",
                "paystack-php",
                "plan",
                "subscription",
                "transaction",
                "verify",
                "yabacon"
            ],
            "time": "2018-05-15T19:24:17+00:00"
        }
    ],
    "packages-dev": [],
    "aliases": [],
    "minimum-stability": "dev",
    "stability-flags": {
        "verot/class.upload.php": 20
    },
    "prefer-stable": true,
    "prefer-lowest": false,
    "platform": {
        "php": ">=5.6.36"
    },
    "platform-dev": [],
    "plugin-api-version": "1.1.0"
}
